
Microsoft Visual Studio Solution File, Format Version 12.00
# Visual Studio Version 17
VisualStudioVersion = 17.9.34728.123
MinimumVisualStudioVersion = 10.0.40219.1
Project("{FAE04EC0-301F-11D3-BF4B-00C04F79EFBC}") = "DelusiveVortexAspApi", "DelusiveVortexAspApi.csproj", "{70EB2F98-D7F3-42DA-8AAF-06AD2F16DBF3}"
EndProject
Global
	GlobalSection(SolutionConfigurationPlatforms) = preSolution
		Debug|Any CPU = Debug|Any CPU
		Release|Any CPU = Release|Any CPU
	EndGlobalSection
	GlobalSection(ProjectConfigurationPlatforms) = postSolution
		{70EB2F98-D7F3-42DA-8AAF-06AD2F16DBF3}.Debug|Any CPU.ActiveCfg = Debug|Any CPU
		{70EB2F98-D7F3-42DA-8AAF-06AD2F16DBF3}.Debug|Any CPU.Build.0 = Debug|Any CPU
		{70EB2F98-D7F3-42DA-8AAF-06AD2F16DBF3}.Release|Any CPU.ActiveCfg = Release|Any CPU
		{70EB2F98-D7F3-42DA-8AAF-06AD2F16DBF3}.Release|Any CPU.Build.0 = Release|Any CPU
	EndGlobalSection
	GlobalSection(SolutionProperties) = preSolution
		HideSolutionNode = FALSE
	EndGlobalSection
	GlobalSection(ExtensibilityGlobals) = postSolution
		SolutionGuid = {0346C582-B9D2-40F9-86FB-49FC5FAD5222}
	EndGlobalSection
EndGlobal
